# THIS IS AN AUTOGENERATED FILE. DO NOT EDIT THIS FILE DIRECTLY.
assets/ajax-loader.gif:
  development: 2017-10-16T16:42:42-04:00   deca8b0ecd6974227d157b6d7068995d
assets/bold-options.css:
  development: 2017-10-23T17:34:35-04:00   6d743b14b87c04bc9bfd8f8571080892
assets/bold-upsell.css:
  development: 2017-10-23T17:34:21-04:00   645ca5d347d68720f4787738669c2c52
assets/gift-card.scss.liquid:
  development: 2017-10-16T16:42:43-04:00   4013652f514c31ced96536bd134c4bc1
assets/hero_slide_1.jpg:
  development: 2017-10-16T16:42:43-04:00   60c9e4042c6be8f9aaaf0b7099faa402
assets/ico-select.svg.liquid:
  development: 2017-10-16T16:42:43-04:00   9c9cc5a57cc74a0a64c2f62b1370a920
assets/icons.eot:
  development: 2017-10-16T16:42:43-04:00   a35ce5fa0ca84b345effce54fa925def
assets/icons.json:
  development: 2017-10-16T16:42:43-04:00   a209c69dba1ffc16f0f0ecd667220ef2
assets/icons.svg:
  development: 2017-10-16T16:42:43-04:00   8e26f198f3ab934a09b8026804281b5f
assets/icons.ttf:
  development: 2017-10-16T16:42:43-04:00   e2ff49b54e0b2a4ccf04cb6273e5a098
assets/icons.woff:
  development: 2017-10-16T16:42:43-04:00   f5e7497d94de7b0b7efcbd889308e5e4
assets/lazysizes.min.js:
  development: 2017-10-16T16:42:43-04:00   830660aaaf0a60b712ad5c32482ee689
assets/match-media.min.js:
  development: 2017-10-16T16:42:43-04:00   9e431a1a6b7a8c12af2cef5c2a1ce14f
assets/modernizr.min.js:
  development: 2017-10-16T16:42:44-04:00   2e37516b46c9a9e2f46842c42e4b6e03
assets/password-page-background.jpg:
  development: 2017-10-16T16:42:44-04:00   4d5821272f875e5c11dd3a8c8e1d6133
assets/respond-proxy.html:
  development: 2017-10-16T16:42:44-04:00   75002d74a330bff6bf069284da503b4c
assets/respond.min.js:
  development: 2017-10-16T16:42:44-04:00   a2684e9b8fa50d6d11c56a9ada068528
assets/theme.js.liquid:
  development: 2017-10-23T17:34:34-04:00   3645bcc3960fd1420e728cffd71df294
assets/theme.scss.liquid:
  development: 2017-10-16T16:42:45-04:00   518d05a4b1e99c589648689d95a22dd1
assets/timber.scss.liquid:
  development: 2017-10-16T16:42:45-04:00   0e193a26c1c1d44e7e2205c6c1e51ee2
config/settings_schema.json:
  development: 2017-10-16T16:42:45-04:00   0ce96641039702636ecc5c55f715d31d
layout/password.liquid:
  development: 2017-10-16T16:42:45-04:00   9b89c14723c926030fcbfc57bb72fc52
layout/theme.liquid:
  development: 2017-10-23T17:34:32-04:00   97f05edff6f22b2cf18001cc2fccc100
locales/de.json:
  development: 2017-10-16T16:42:46-04:00   0f341ef7af2a070a1164765daf4c9387
locales/en.default.json:
  development: 2017-10-16T16:42:46-04:00   dfe6da93748996f4639b1ed955133ddd
locales/es.json:
  development: 2017-10-16T16:42:46-04:00   3f8a850abb0a0904f201a3bb0ec4725f
locales/fr.json:
  development: 2017-10-16T16:42:46-04:00   bf253886adbeeedfc875e91398820038
locales/ja.json:
  development: 2017-10-16T16:42:46-04:00   a61479b6a667a552e56a6ce823bfe5d9
locales/pt-BR.json:
  development: 2017-10-16T16:42:46-04:00   1110dbb236dd95e2c6bd8d3292ef81b7
locales/pt-PT.json:
  development: 2017-10-16T16:42:46-04:00   35626f160d3299d10a5c093246f28ca5
sections/advanced-content.liquid:
  development: 2017-10-16T16:42:41-04:00   4b45d54b982eb78ae6b807f7a0e3c2d8
sections/article-template.liquid:
  development: 2017-10-16T16:42:41-04:00   24b2ca76ee638a9fa807fdea8811ed13
sections/collection-image-template.liquid:
  development: 2017-10-16T16:42:41-04:00   b91a956f52837a6e689a5b5743a52133
sections/collection-template.liquid:
  development: 2017-10-16T16:42:41-04:00   171d83eda7246bb7e86953ea028b8676
sections/drawer-menu.liquid:
  development: 2017-10-16T16:42:41-04:00   2b52f6998accce9ada8ea6a8702a82a6
sections/featured-blog.liquid:
  development: 2017-10-16T16:42:41-04:00   1a2012bf33075d643f02fdbc76d74473
sections/featured-collections.liquid:
  development: 2017-10-16T16:42:41-04:00   a9522b514680ee104f88c85901f047a7
sections/featured-content.liquid:
  development: 2017-10-16T16:42:41-04:00   4c26b9b1add93a244b464eb062764c68
sections/featured-product.liquid:
  development: 2017-10-16T16:42:41-04:00   90a8144ef37023a7f7e61740c6311af1
sections/featured-products.liquid:
  development: 2017-10-23T17:34:33-04:00   d9213307879955c1ac64ea80e8772166
sections/featured-row.liquid:
  development: 2017-10-16T16:42:42-04:00   fb9a3596588cd8472aeb370d2ecef85f
sections/featured-video.liquid:
  development: 2017-10-16T16:42:42-04:00   27c4bd55d80c6e12b2608e5c42d59bd0
sections/footer.liquid:
  development: 2017-10-16T16:42:42-04:00   09c4cbb15a45a2bb33e70183149c4b60
sections/header.liquid:
  development: 2017-10-16T16:42:42-04:00   0d0eb9d741aa327cacfd46b9579488ec
sections/list-collections-template.liquid:
  development: 2017-10-16T16:42:42-04:00   cc519f30f6bced273d6c82201bb79c40
sections/map.liquid:
  development: 2017-10-16T16:42:42-04:00   ac33dc6663926e2ecbe35fe0ce4ddf14
sections/newsletter.liquid:
  development: 2017-10-16T16:42:42-04:00   6a0073297f0554078ebaa42b26c29308
sections/password-content.liquid:
  development: 2017-10-16T16:42:42-04:00   5a0b4a0de6cdf4b38a7ed16692f52c92
sections/password-header.liquid:
  development: 2017-10-16T16:42:42-04:00   5a5416be7d0234eb7a193645a5232357
sections/product-template.liquid:
  development: 2017-10-23T17:34:33-04:00   61136eb3a602f0431bca12ac069e1bf8
sections/slideshow.liquid:
  development: 2017-10-16T16:42:42-04:00   51365f23e85456a41f9c809352c917a5
snippets/ajax-cart-template.liquid:
  development: 2017-10-16T16:42:45-04:00   a12ad20ccc9ef7b2516fe7941c51dba8
snippets/bgset.liquid:
  development: 2017-10-16T16:42:45-04:00   33148dfd129ac7339b20fa9792a6bf85
snippets/bold-common.liquid:
  development: 2017-10-23T17:35:27-04:00   f2b935eb611bb14a881a7da8b7e780b1
snippets/bold-product.liquid:
  development: 2017-10-23T17:34:33-04:00   5b3402024fbb77ab23b0b5d5fb63ee16
snippets/bold-variant.liquid:
  development: 2017-10-23T17:34:34-04:00   cc5775289782460abf0deff824ebd76a
snippets/collection-grid-collage.liquid:
  development: 2017-10-16T16:42:45-04:00   bba8796945ca96e0d0518d046f15d4ce
snippets/collection-grid-item.liquid:
  development: 2017-10-16T16:42:45-04:00   ee5beb448997d2a0c6aea228afd4ca9e
snippets/collection-template.liquid:
  development: 2017-10-23T17:34:33-04:00   b094e0247ae063954faf044b25d8d3ea
snippets/comment.liquid:
  development: 2017-10-16T16:42:45-04:00   490bf7370ece4d0217f9c229aefd5880
snippets/featured-blog.liquid:
  development: 2017-10-16T16:42:45-04:00   298bd007615e3e42f16df1538b6283d6
snippets/google-fonts.liquid:
  development: 2017-10-16T16:42:45-04:00   8e40cfa27425f9a5b955b747e1edee96
snippets/image-style.liquid:
  development: 2017-10-16T16:42:45-04:00   8c50291b1de61b727b4dd13143797229
snippets/oldIE-js.liquid:
  development: 2017-10-16T16:42:45-04:00   daf28c8834122dcaf976369fdf48323a
snippets/onboarding-featured-blog.liquid:
  development: 2017-10-16T16:42:45-04:00   d7ff9e7771b64f55e84ad9b1e9dd4b8f
snippets/onboarding-featured-collections.liquid:
  development: 2017-10-16T16:42:45-04:00   2feedbf8631dfc0d5fb6e251d52582d4
snippets/onboarding-featured-products.liquid:
  development: 2017-10-16T16:42:45-04:00   4f249e3a12c79ae3aa47d3974fccd84c
snippets/pagination.liquid:
  development: 2017-10-16T16:42:45-04:00   70ed134ed90fed5e45b2ac2b938d8f35
snippets/product-grid-collage.liquid:
  development: 2017-10-16T16:42:45-04:00   4abdc9f608a23b5c0ab9d2581e08a060
snippets/product-grid-item.liquid:
  development: 2017-10-16T16:42:45-04:00   967ef748cf9d1dc180bca9987fa017cb
snippets/respond.liquid:
  development: 2017-10-16T16:42:45-04:00   ca6abf0635dc2ad8c6bd377f83c79f6b
snippets/search-bar.liquid:
  development: 2017-10-16T16:42:45-04:00   09c97d1e453c835a8a5568a70d690883
snippets/social-meta-tags.liquid:
  development: 2017-10-16T16:42:45-04:00   0a012eb5113b6a710e09fe77babe8030
snippets/social-sharing.liquid:
  development: 2017-10-16T16:42:45-04:00   6ce37d7f2814a10ed9b36ea3be691b65
snippets/svg-definitions.liquid:
  development: 2017-10-16T16:42:45-04:00   fe4fbc64d534e355fd8653de4ebac79a
snippets/tags-article.liquid:
  development: 2017-10-16T16:42:45-04:00   e7976dc4c68590a9f1ee7276f99559ac
templates/404.liquid:
  development: 2017-10-16T16:42:45-04:00   f1181b55ee89b4ad79ae81d244761cd2
templates/article.liquid:
  development: 2017-10-16T16:42:45-04:00   9763e9f309642903282720d29b422aaf
templates/blog.liquid:
  development: 2017-10-16T16:42:45-04:00   61610ee5c1452e884bc13688553d2a32
templates/cart.liquid:
  development: 2017-10-23T17:34:32-04:00   7291f7ccc33adad0675d0fcab1c026d2
templates/collection.image.liquid:
  development: 2017-10-16T16:42:45-04:00   cd9a9b1849d65ca4311d6f793008812f
templates/collection.liquid:
  development: 2017-10-16T16:42:45-04:00   3f577c5eaf7fab7e9688fd84e5d99db0
templates/customers/account.liquid:
  development: 2017-10-16T16:42:46-04:00   6169bc13701d2a2f4cbe9735b86ab10c
templates/customers/activate_account.liquid:
  development: 2017-10-16T16:42:46-04:00   a569b8be750f47edddc82ffc62b847ac
templates/customers/addresses.liquid:
  development: 2017-10-16T16:42:46-04:00   839b36f77b40b0fa025bb6655f1ff583
templates/customers/login.liquid:
  development: 2017-10-16T16:42:46-04:00   5fea701d036da687b6b1f1e28babb7bc
templates/customers/order.liquid:
  development: 2017-10-16T16:42:46-04:00   b836ee1cb4045e777025f75abf719574
templates/customers/register.liquid:
  development: 2017-10-16T16:42:46-04:00   3205d912f62cb0f866d974d5f2e22b37
templates/customers/reset_password.liquid:
  development: 2017-10-16T16:42:46-04:00   bd78871a9d2e373575659c6f9f68aa9b
templates/gift_card.liquid:
  development: 2017-10-16T16:42:45-04:00   e1a7ff0eff7d6dcc55dedda51a1686cc
templates/index.liquid:
  development: 2017-10-16T16:42:45-04:00   171b9093fa043fdf84d2df6eed3d94ab
templates/list-collections.liquid:
  development: 2017-10-16T16:42:45-04:00   eabed71f62563b929b8da83a4aeacbfb
templates/page.contact.liquid:
  development: 2017-10-16T16:42:46-04:00   b31a760236911163d10b4a663a76c59d
templates/page.full-width.liquid:
  development: 2017-10-16T16:42:46-04:00   f21db2cc6691ac1165c7a07ff8bc11cb
templates/page.liquid:
  development: 2017-10-16T16:42:46-04:00   3c1c3fb627419cc73d4cd19b32898d5e
templates/password.liquid:
  development: 2017-10-16T16:42:46-04:00   27c20529a5fa11780bc067f4f5c7cc9d
templates/product.liquid:
  development: 2017-10-23T17:34:33-04:00   01893591de7b0add5d500c4b2220605a
templates/search.liquid:
  development: 2017-10-23T17:34:33-04:00   aa3bc47dd7e5bf901afc54d0336363ad
